
Microsoft Visual Studio Solution File, Format Version 12.00
# Visual Studio 2015
Project("{FAE04EC0-301F-11D3-BF4B-00C04F79EFBC}") = "TeraTale.CSharp.Plugins", "TeraTale.CSharp.Plugins.csproj", "{8BF0D727-FEF3-F3EA-9EA2-0A603FFAD3EE}"
EndProject
Project("{FAE04EC0-301F-11D3-BF4B-00C04F79EFBC}") = "TeraTale.CSharp", "TeraTale.CSharp.csproj", "{62F6EF8F-7285-7711-314F-DAD93E7D970D}"
EndProject
Project("{FAE04EC0-301F-11D3-BF4B-00C04F79EFBC}") = "TeraTale.CSharp.Editor", "TeraTale.CSharp.Editor.csproj", "{5A598A0D-CCE6-75A8-2A1C-711DE4A77D09}"
EndProject
Global
	GlobalSection(SolutionConfigurationPlatforms) = preSolution
		Debug|Any CPU = Debug|Any CPU
		Release|Any CPU = Release|Any CPU
	EndGlobalSection
	GlobalSection(ProjectConfigurationPlatforms) = postSolution
		{8BF0D727-FEF3-F3EA-9EA2-0A603FFAD3EE}.Debug|Any CPU.ActiveCfg = Debug|Any CPU
		{8BF0D727-FEF3-F3EA-9EA2-0A603FFAD3EE}.Debug|Any CPU.Build.0 = Debug|Any CPU
		{8BF0D727-FEF3-F3EA-9EA2-0A603FFAD3EE}.Release|Any CPU.ActiveCfg = Release|Any CPU
		{8BF0D727-FEF3-F3EA-9EA2-0A603FFAD3EE}.Release|Any CPU.Build.0 = Release|Any CPU
		{62F6EF8F-7285-7711-314F-DAD93E7D970D}.Debug|Any CPU.ActiveCfg = Debug|Any CPU
		{62F6EF8F-7285-7711-314F-DAD93E7D970D}.Debug|Any CPU.Build.0 = Debug|Any CPU
		{62F6EF8F-7285-7711-314F-DAD93E7D970D}.Release|Any CPU.ActiveCfg = Release|Any CPU
		{62F6EF8F-7285-7711-314F-DAD93E7D970D}.Release|Any CPU.Build.0 = Release|Any CPU
		{5A598A0D-CCE6-75A8-2A1C-711DE4A77D09}.Debug|Any CPU.ActiveCfg = Debug|Any CPU
		{5A598A0D-CCE6-75A8-2A1C-711DE4A77D09}.Debug|Any CPU.Build.0 = Debug|Any CPU
		{5A598A0D-CCE6-75A8-2A1C-711DE4A77D09}.Release|Any CPU.ActiveCfg = Release|Any CPU
		{5A598A0D-CCE6-75A8-2A1C-711DE4A77D09}.Release|Any CPU.Build.0 = Release|Any CPU
	EndGlobalSection
	GlobalSection(SolutionProperties) = preSolution
		HideSolutionNode = FALSE
	EndGlobalSection
EndGlobal
